PODS:
  - Bolts (1.9.0):
    - Bolts/AppLinks (= 1.9.0)
    - Bolts/Tasks (= 1.9.0)
  - Bolts/AppLinks (1.9.0):
    - Bolts/Tasks
  - Bolts/Tasks (1.9.0)
  - boost-for-react-native (1.63.0)
  - BoringSSL-GRPC (0.0.1):
    - BoringSSL-GRPC/Implementation (= 0.0.1)
    - BoringSSL-GRPC/Interface (= 0.0.1)
  - BoringSSL-GRPC/Implementation (0.0.1):
    - BoringSSL-GRPC/Interface (= 0.0.1)
  - BoringSSL-GRPC/Interface (0.0.1)
  - DoubleConversion (1.1.5)
  - FBSDKCoreKit (4.36.0):
    - Bolts (~> 1.7)
  - FBSDKLoginKit (4.36.0):
    - FBSDKCoreKit
  - FBSDKShareKit (4.36.0):
    - FBSDKCoreKit (~> 4.36.0)
  - Firebase/Auth (5.3.0):
    - Firebase/CoreOnly
    - FirebaseAuth (= 5.0.1)
  - Firebase/Core (5.3.0):
    - Firebase/CoreOnly
    - FirebaseAnalytics (= 5.0.1)
  - Firebase/CoreOnly (5.3.0):
    - FirebaseCore (= 5.0.4)
  - Firebase/Firestore (5.3.0):
    - Firebase/CoreOnly
    - FirebaseFirestore (= 0.12.4)
  - Firebase/Functions (5.3.0):
    - Firebase/CoreOnly
    - FirebaseFunctions (= 2.0.0)
  - FirebaseAnalytics (5.0.1):
    - FirebaseCore (~> 5.0)
    - FirebaseInstanceID (~> 3.0)
    - "GoogleToolboxForMac/NSData+zlib (~> 2.1)"
    - nanopb (~> 0.3)
  - FirebaseAuth (5.0.1):
    - FirebaseCore (~> 5.0)
    - GTMSessionFetcher/Core (~> 1.1)
  - FirebaseCore (5.0.4):
    - "GoogleToolboxForMac/NSData+zlib (~> 2.1)"
  - FirebaseFirestore (0.12.4):
    - FirebaseCore (~> 5.0)
    - FirebaseFirestore/abseil-cpp (= 0.12.4)
    - gRPC-ProtoRPC (~> 1.0)
    - leveldb-library (~> 1.18)
    - Protobuf (~> 3.1)
  - FirebaseFirestore/abseil-cpp (0.12.4):
    - FirebaseCore (~> 5.0)
    - gRPC-ProtoRPC (~> 1.0)
    - leveldb-library (~> 1.18)
    - Protobuf (~> 3.1)
  - FirebaseFunctions (2.0.0):
    - FirebaseCore (~> 5.0)
    - GTMSessionFetcher/Core (~> 1.1)
  - FirebaseInstanceID (3.1.1):
    - FirebaseCore (~> 5.0)
  - Folly (2016.09.26.00):
    - boost-for-react-native
    - DoubleConversion
    - glog
  - glog (0.3.4)
  - GoogleSignIn (4.2.0):
    - "GoogleToolboxForMac/NSDictionary+URLArguments (~> 2.1)"
    - "GoogleToolboxForMac/NSString+URLArguments (~> 2.1)"
    - GTMOAuth2 (~> 1.0)
    - GTMSessionFetcher/Core (~> 1.1)
  - GoogleToolboxForMac/DebugUtils (2.1.4):
    - GoogleToolboxForMac/Defines (= 2.1.4)
  - GoogleToolboxForMac/Defines (2.1.4)
  - "GoogleToolboxForMac/NSData+zlib (2.1.4)":
    - GoogleToolboxForMac/Defines (= 2.1.4)
  - "GoogleToolboxForMac/NSDictionary+URLArguments (2.1.4)":
    - GoogleToolboxForMac/DebugUtils (= 2.1.4)
    - GoogleToolboxForMac/Defines (= 2.1.4)
    - "GoogleToolboxForMac/NSString+URLArguments (= 2.1.4)"
  - "GoogleToolboxForMac/NSString+URLArguments (2.1.4)"
  - gRPC (1.15.0):
    - gRPC-RxLibrary (= 1.15.0)
    - gRPC/Main (= 1.15.0)
  - gRPC-Core (1.15.0):
    - gRPC-Core/Implementation (= 1.15.0)
    - gRPC-Core/Interface (= 1.15.0)
  - gRPC-Core/Implementation (1.15.0):
    - BoringSSL-GRPC (= 0.0.1)
    - gRPC-Core/Interface (= 1.15.0)
    - nanopb (~> 0.3)
  - gRPC-Core/Interface (1.15.0)
  - gRPC-ProtoRPC (1.15.0):
    - gRPC-ProtoRPC/Main (= 1.15.0)
  - gRPC-ProtoRPC/Main (1.15.0):
    - gRPC (= 1.15.0)
    - gRPC-RxLibrary (= 1.15.0)
    - Protobuf (~> 3.0)
  - gRPC-RxLibrary (1.15.0)
  - gRPC/Main (1.15.0):
    - gRPC-Core (= 1.15.0)
    - gRPC-RxLibrary (= 1.15.0)
  - GTMOAuth2 (1.1.6):
    - GTMSessionFetcher (~> 1.1)
  - GTMSessionFetcher (1.2.0):
    - GTMSessionFetcher/Full (= 1.2.0)
  - GTMSessionFetcher/Core (1.2.0)
  - GTMSessionFetcher/Full (1.2.0):
    - GTMSessionFetcher/Core (= 1.2.0)
  - leveldb-library (1.20)
  - nanopb (0.3.8):
    - nanopb/decode (= 0.3.8)
    - nanopb/encode (= 0.3.8)
  - nanopb/decode (0.3.8)
  - nanopb/encode (0.3.8)
  - Protobuf (3.6.1)
  - React (0.55.4):
    - React/Core (= 0.55.4)
  - react-native-fbsdk (0.8.0):
    - React
    - react-native-fbsdk/Core (= 0.8.0)
    - react-native-fbsdk/Login (= 0.8.0)
    - react-native-fbsdk/Share (= 0.8.0)
  - react-native-fbsdk/Core (0.8.0):
    - FBSDKCoreKit
    - React
  - react-native-fbsdk/Login (0.8.0):
    - FBSDKLoginKit
    - React
  - react-native-fbsdk/Share (0.8.0):
    - FBSDKShareKit
    - React
  - react-native-mapbox-gl (6.1.3):
    - React
  - React/Core (0.55.4):
    - yoga (= 0.55.4.React)
  - React/CxxBridge (0.55.4):
    - Folly (= 2016.09.26.00)
    - React/Core
    - React/cxxreact
  - React/cxxreact (0.55.4):
    - boost-for-react-native (= 1.63.0)
    - Folly (= 2016.09.26.00)
    - React/jschelpers
    - React/jsinspector
  - React/DevSupport (0.55.4):
    - React/Core
    - React/RCTWebSocket
  - React/fishhook (0.55.4)
  - React/jschelpers (0.55.4):
    - Folly (= 2016.09.26.00)
    - React/PrivateDatabase
  - React/jsinspector (0.55.4)
  - React/PrivateDatabase (0.55.4)
  - React/RCTActionSheet (0.55.4):
    - React/Core
  - React/RCTAnimation (0.55.4):
    - React/Core
  - React/RCTBlob (0.55.4):
    - React/Core
  - React/RCTCameraRoll (0.55.4):
    - React/Core
    - React/RCTImage
  - React/RCTGeolocation (0.55.4):
    - React/Core
  - React/RCTImage (0.55.4):
    - React/Core
    - React/RCTNetwork
  - React/RCTLinkingIOS (0.55.4):
    - React/Core
  - React/RCTNetwork (0.55.4):
    - React/Core
  - React/RCTPushNotification (0.55.4):
    - React/Core
  - React/RCTSettings (0.55.4):
    - React/Core
  - React/RCTText (0.55.4):
    - React/Core
  - React/RCTVibration (0.55.4):
    - React/Core
  - React/RCTWebSocket (0.55.4):
    - React/Core
    - React/fishhook
    - React/RCTBlob
  - RNGoogleSignin (1.0.0-rc5):
    - GoogleSignIn
    - React
  - yoga (0.55.4.React)

DEPENDENCIES:
  - DoubleConversion (from `../node_modules/react-native/third-party-podspecs/DoubleConversion.podspec`)
  - FBSDKLoginKit
  - Firebase/Auth (~> 5.3.0)
  - Firebase/Core (~> 5.3.0)
  - Firebase/Firestore (~> 5.3.0)
  - Firebase/Functions
  - Folly (from `../node_modules/react-native/third-party-podspecs/Folly.podspec`)
  - glog (from `../node_modules/react-native/third-party-podspecs/glog.podspec`)
  - react-native-fbsdk (from `../node_modules/react-native-fbsdk`)
  - "react-native-mapbox-gl (from `../node_modules/@mapbox/react-native-mapbox-gl`)"
  - React/Core (from `../node_modules/react-native`)
  - React/CxxBridge (from `../node_modules/react-native`)
  - React/DevSupport (from `../node_modules/react-native`)
  - React/RCTActionSheet (from `../node_modules/react-native`)
  - React/RCTAnimation (from `../node_modules/react-native`)
  - React/RCTBlob (from `../node_modules/react-native`)
  - React/RCTCameraRoll (from `../node_modules/react-native`)
  - React/RCTGeolocation (from `../node_modules/react-native`)
  - React/RCTImage (from `../node_modules/react-native`)
  - React/RCTLinkingIOS (from `../node_modules/react-native`)
  - React/RCTNetwork (from `../node_modules/react-native`)
  - React/RCTPushNotification (from `../node_modules/react-native`)
  - React/RCTSettings (from `../node_modules/react-native`)
  - React/RCTText (from `../node_modules/react-native`)
  - React/RCTVibration (from `../node_modules/react-native`)
  - React/RCTWebSocket (from `../node_modules/react-native`)
  - RNGoogleSignin (from `../node_modules/react-native-google-signin`)
  - yoga (from `../node_modules/react-native/ReactCommon/yoga/yoga.podspec`)

SPEC REPOS:
  https://github.com/cocoapods/specs.git:
    - Bolts
    - boost-for-react-native
    - BoringSSL-GRPC
    - FBSDKCoreKit
    - FBSDKLoginKit
    - FBSDKShareKit
    - Firebase
    - FirebaseAnalytics
    - FirebaseAuth
    - FirebaseCore
    - FirebaseFirestore
    - FirebaseFunctions
    - FirebaseInstanceID
    - GoogleSignIn
    - GoogleToolboxForMac
    - gRPC
    - gRPC-Core
    - gRPC-ProtoRPC
    - gRPC-RxLibrary
    - GTMOAuth2
    - GTMSessionFetcher
    - leveldb-library
    - nanopb
    - Protobuf

EXTERNAL SOURCES:
  DoubleConversion:
    :podspec: "../node_modules/react-native/third-party-podspecs/DoubleConversion.podspec"
  Folly:
    :podspec: "../node_modules/react-native/third-party-podspecs/Folly.podspec"
  glog:
    :podspec: "../node_modules/react-native/third-party-podspecs/glog.podspec"
  React:
    :path: "../node_modules/react-native"
  react-native-fbsdk:
    :path: "../node_modules/react-native-fbsdk"
  react-native-mapbox-gl:
    :path: "../node_modules/@mapbox/react-native-mapbox-gl"
  RNGoogleSignin:
    :path: "../node_modules/react-native-google-signin"
  yoga:
    :path: "../node_modules/react-native/ReactCommon/yoga/yoga.podspec"

SPEC CHECKSUMS:
  Bolts: ac6567323eac61e203f6a9763667d0f711be34c8
  boost-for-react-native: 39c7adb57c4e60d6c5479dd8623128eb5b3f0f2c
  BoringSSL-GRPC: b7941e85a30e48d3704cfdfe5fb48d3e14106714
  DoubleConversion: e22e0762848812a87afd67ffda3998d9ef29170c
  FBSDKCoreKit: 3b8e6570eedb443f9fc4af196a7bf39f18e3a3d8
  FBSDKLoginKit: 8bccb6064708ab2f4251a7fc4e3b6d8d00ad91ba
  FBSDKShareKit: 7090fdd55c39b03941efddb64c83a64ff6b3949f
  Firebase: 68afeeb05461db02d7c9e3215cda28068670f4aa
  FirebaseAnalytics: b3628aea54c50464c32c393fb2ea032566e7ecc2
  FirebaseAuth: 463b8ce33bd5d05f706dcd4615499e3212b4132b
  FirebaseCore: 62f1b792a49bb9e8b4073f24606d2c93ffc352f0
  FirebaseFirestore: 53f6fe858494c39dbfd5237655e0641152a88c89
  FirebaseFunctions: 141da172b7491276d9da8715b8ca88f9e439ffb6
  FirebaseInstanceID: f3f0657372592ecdfdfe2cac604a5a75758376a6
  Folly: 211775e49d8da0ca658aebc8eab89d642935755c
  glog: 1de0bb937dccdc981596d3b5825ebfb765017ded
  GoogleSignIn: 591e46382014e591269f862ba6e7bc0fbd793532
  GoogleToolboxForMac: 91c824d21e85b31c2aae9bb011c5027c9b4e738f
  gRPC: d30ff914108c3a4f839e5a93adf70461f3ecbce7
  gRPC-Core: 96b2b7e7dcc5ece02e2d4fed30919eb9a2800517
  gRPC-ProtoRPC: d5bbb8b854889b7ec3a9b84aeccc08e639e98b77
  gRPC-RxLibrary: 99199a2405838e59ac37eed2121c793633878803
  GTMOAuth2: c77fe325e4acd453837e72d91e3b5f13116857b2
  GTMSessionFetcher: 0c4baf0a73acd0041bf9f71ea018deedab5ea84e
  leveldb-library: 08cba283675b7ed2d99629a4bc5fd052cd2bb6a5
  nanopb: 5601e6bca2dbf1ed831b519092ec110f66982ca3
  Protobuf: 1eb9700044745f00181c136ef21b8ff3ad5a0fd5
  React: aa2040dbb6f317b95314968021bd2888816e03d5
  react-native-fbsdk: d5f98cc5abecbcc463e3c35c04743d716d002d37
  react-native-mapbox-gl: b42480060cdcc515dfa3d8e403fb4dd32466a1b9
  RNGoogleSignin: 44debd8c359a662c0e2d585952e88b985bf78008
  yoga: a23273df0088bf7f2bb7e5d7b00044ea57a2a54a

PODFILE CHECKSUM: 85a592f25ce0d4fe996b02bf920e159ee608f93b

COCOAPODS: 1.5.3
